// !$*UTF8*$!
{
	archiveVersion = 1;
	classes = {
	};
	objectVersion = 46;
	objects = {

/* Begin PBXBuildFile section */
		230571F61C65F3CE00982875 /* AppDelegate.swift in Sources */ = {isa = PBXBuildFile; fileRef = 230571F51C65F3CE00982875 /* AppDelegate.swift */; };
		230571F81C65F3CE00982875 /* ViewController.swift in Sources */ = {isa = PBXBuildFile; fileRef = 230571F71C65F3CE00982875 /* ViewController.swift */; };
		230571FB1C65F3CE00982875 /* Main.storyboard in Resources */ = {isa = PBXBuildFile; fileRef = 230571F91C65F3CE00982875 /* Main.storyboard */; };
		230571FD1C65F3CE00982875 /* Assets.xcassets in Resources */ = {isa = PBXBuildFile; fileRef = 230571FC1C65F3CE00982875 /* Assets.xcassets */; };
		230572001C65F3CE00982875 /* LaunchScreen.storyboard in Resources */ = {isa = PBXBuildFile; fileRef = 230571FE1C65F3CE00982875 /* LaunchScreen.storyboard */; };
		2305720B1C65F3CE00982875 /* TrumpTimeTests.swift in Sources */ = {isa = PBXBuildFile; fileRef = 2305720A1C65F3CE00982875 /* TrumpTimeTests.swift */; };
		230572161C65F3CE00982875 /* TrumpTimeUITests.swift in Sources */ = {isa = PBXBuildFile; fileRef = 230572151C65F3CE00982875 /* TrumpTimeUITests.swift */; };
		230572261C65F52200982875 /* Audio in Resources */ = {isa = PBXBuildFile; fileRef = 230572251C65F52200982875 /* Audio */; };
		96D218101C65F7CF005FF0D6 /* FBSDKCoreKit.framework in Frameworks */ = {isa = PBXBuildFile; fileRef = 96D2180F1C65F7CE005FF0D6 /* FBSDKCoreKit.framework */; };
		96D218121C65F84B005FF0D6 /* FBSDKShareKit.framework in Frameworks */ = {isa = PBXBuildFile; fileRef = 96D218111C65F84B005FF0D6 /* FBSDKShareKit.framework */; };
		96D218141C65F867005FF0D6 /* FBSDKLoginKit.framework in Frameworks */ = {isa = PBXBuildFile; fileRef = 96D218131C65F867005FF0D6 /* FBSDKLoginKit.framework */; };
		96D218211C663DB9005FF0D6 /* Red_Star_Flag.png in Resources */ = {isa = PBXBuildFile; fileRef = 96D218201C663DB9005FF0D6 /* Red_Star_Flag.png */; };
/* End PBXBuildFile section */

/* Begin PBXContainerItemProxy section */
		230572071C65F3CE00982875 /* PBXContainerItemProxy */ = {
			isa = PBXContainerItemProxy;
			containerPortal = 230571EA1C65F3CE00982875 /* Project object */;
			proxyType = 1;
			remoteGlobalIDString = 230571F11C65F3CE00982875;
			remoteInfo = TrumpTime;
		};
		230572121C65F3CE00982875 /* PBXContainerItemProxy */ = {
			isa = PBXContainerItemProxy;
			containerPortal = 230571EA1C65F3CE00982875 /* Project object */;
			proxyType = 1;
			remoteGlobalIDString = 230571F11C65F3CE00982875;
			remoteInfo = TrumpTime;
		};
/* End PBXContainerItemProxy section */

/* Begin PBXFileReference section */
		230571F21C65F3CE00982875 /* TrumpTime.app */ = {isa = PBXFileReference; explicitFileType = wrapper.application; includeInIndex = 0; path = TrumpTime.app; sourceTree = BUILT_PRODUCTS_DIR; };
		230571F51C65F3CE00982875 /* AppDelegate.swift */ = {isa = PBXFileReference; lastKnownFileType = sourcecode.swift; path = AppDelegate.swift; sourceTree = "<group>"; };
		230571F71C65F3CE00982875 /* ViewController.swift */ = {isa = PBXFileReference; lastKnownFileType = sourcecode.swift; path = ViewController.swift; sourceTree = "<group>"; };
		230571FA1C65F3CE00982875 /* Base */ = {isa = PBXFileReference; lastKnownFileType = file.storyboard; name = Base; path = Base.lproj/Main.storyboard; sourceTree = "<group>"; };
		230571FC1C65F3CE00982875 /* Assets.xcassets */ = {isa = PBXFileReference; lastKnownFileType = folder.assetcatalog; path = Assets.xcassets; sourceTree = "<group>"; };
		230571FF1C65F3CE00982875 /* Base */ = {isa = PBXFileReference; lastKnownFileType = file.storyboard; name = Base; path = Base.lproj/LaunchScreen.storyboard; sourceTree = "<group>"; };
		230572011C65F3CE00982875 /* Info.plist */ = {isa = PBXFileReference; lastKnownFileType = text.plist.xml; path = Info.plist; sourceTree = "<group>"; };
		230572061C65F3CE00982875 /* TrumpTimeTests.xctest */ = {isa = PBXFileReference; explicitFileType = wrapper.cfbundle; includeInIndex = 0; path = TrumpTimeTests.xctest; sourceTree = BUILT_PRODUCTS_DIR; };
		2305720A1C65F3CE00982875 /* TrumpTimeTests.swift */ = {isa = PBXFileReference; lastKnownFileType = sourcecode.swift; path = TrumpTimeTests.swift; sourceTree = "<group>"; };
		2305720C1C65F3CE00982875 /* Info.plist */ = {isa = PBXFileReference; lastKnownFileType = text.plist.xml; path = Info.plist; sourceTree = "<group>"; };
		230572111C65F3CE00982875 /* TrumpTimeUITests.xctest */ = {isa = PBXFileReference; explicitFileType = wrapper.cfbundle; includeInIndex = 0; path = TrumpTimeUITests.xctest; sourceTree = BUILT_PRODUCTS_DIR; };
		230572151C65F3CE00982875 /* TrumpTimeUITests.swift */ = {isa = PBXFileReference; lastKnownFileType = sourcecode.swift; path = TrumpTimeUITests.swift; sourceTree = "<group>"; };
		230572171C65F3CE00982875 /* Info.plist */ = {isa = PBXFileReference; lastKnownFileType = text.plist.xml; path = Info.plist; sourceTree = "<group>"; };
		230572251C65F52200982875 /* Audio */ = {isa = PBXFileReference; lastKnownFileType = folder; path = Audio; sourceTree = "<group>"; };
		96D2180F1C65F7CE005FF0D6 /* FBSDKCoreKit.framework */ = {isa = PBXFileReference; lastKnownFileType = wrapper.framework; name = FBSDKCoreKit.framework; path = ../FBSDKCoreKit.framework; sourceTree = "<group>"; };
		96D218111C65F84B005FF0D6 /* FBSDKShareKit.framework */ = {isa = PBXFileReference; lastKnownFileType = wrapper.framework; name = FBSDKShareKit.framework; path = ../FBSDKShareKit.framework; sourceTree = "<group>"; };
		96D218131C65F867005FF0D6 /* FBSDKLoginKit.framework */ = {isa = PBXFileReference; lastKnownFileType = wrapper.framework; name = FBSDKLoginKit.framework; path = ../FBSDKLoginKit.framework; sourceTree = "<group>"; };
		96D218151C65F922005FF0D6 /* Bridging-Header.h */ = {isa = PBXFileReference; lastKnownFileType = sourcecode.c.h; path = "Bridging-Header.h"; sourceTree = "<group>"; };
		96D218201C663DB9005FF0D6 /* Red_Star_Flag.png */ = {isa = PBXFileReference; lastKnownFileType = image.png; path = Red_Star_Flag.png; sourceTree = "<group>"; };
/* End PBXFileReference section */

/* Begin PBXFrameworksBuildPhase section */
		230571EF1C65F3CE00982875 /* Frameworks */ = {
			isa = PBXFrameworksBuildPhase;
			buildActionMask = 2147483647;
			files = (
				96D218121C65F84B005FF0D6 /* FBSDKShareKit.framework in Frameworks */,
				96D218101C65F7CF005FF0D6 /* FBSDKCoreKit.framework in Frameworks */,
				96D218141C65F867005FF0D6 /* FBSDKLoginKit.framework in Frameworks */,
			);
			runOnlyForDeploymentPostprocessing = 0;
		};
		230572031C65F3CE00982875 /* Frameworks */ = {
			isa = PBXFrameworksBuildPhase;
			buildActionMask = 2147483647;
			files = (
			);
			runOnlyForDeploymentPostprocessing = 0;
		};
		2305720E1C65F3CE00982875 /* Frameworks */ = {
			isa = PBXFrameworksBuildPhase;
			buildActionMask = 2147483647;
			files = (
			);
			runOnlyForDeploymentPostprocessing = 0;
		};
/* End PBXFrameworksBuildPhase section */

/* Begin PBXGroup section */
		230571E91C65F3CE00982875 = {
			isa = PBXGroup;
			children = (
				96D218161C66016D005FF0D6 /* Images */,
				230572251C65F52200982875 /* Audio */,
				230571F41C65F3CE00982875 /* TrumpTime */,
				230572091C65F3CE00982875 /* TrumpTimeTests */,
				230572141C65F3CE00982875 /* TrumpTimeUITests */,
				230571F31C65F3CE00982875 /* Products */,
			);
			sourceTree = "<group>";
		};
		230571F31C65F3CE00982875 /* Products */ = {
			isa = PBXGroup;
			children = (
				230571F21C65F3CE00982875 /* TrumpTime.app */,
				230572061C65F3CE00982875 /* TrumpTimeTests.xctest */,
				230572111C65F3CE00982875 /* TrumpTimeUITests.xctest */,
			);
			name = Products;
			sourceTree = "<group>";
		};
		230571F41C65F3CE00982875 /* TrumpTime */ = {
			isa = PBXGroup;
			children = (
				96D2180F1C65F7CE005FF0D6 /* FBSDKCoreKit.framework */,
				96D218111C65F84B005FF0D6 /* FBSDKShareKit.framework */,
				96D218131C65F867005FF0D6 /* FBSDKLoginKit.framework */,
				96D218151C65F922005FF0D6 /* Bridging-Header.h */,
				230571F51C65F3CE00982875 /* AppDelegate.swift */,
				230571F71C65F3CE00982875 /* ViewController.swift */,
				230571F91C65F3CE00982875 /* Main.storyboard */,
				230571FC1C65F3CE00982875 /* Assets.xcassets */,
				96D218201C663DB9005FF0D6 /* Red_Star_Flag.png */,
				230571FE1C65F3CE00982875 /* LaunchScreen.storyboard */,
				230572011C65F3CE00982875 /* Info.plist */,
			);
			path = TrumpTime;
			sourceTree = "<group>";
		};
		230572091C65F3CE00982875 /* TrumpTimeTests */ = {
			isa = PBXGroup;
			children = (
				2305720A1C65F3CE00982875 /* TrumpTimeTests.swift */,
				2305720C1C65F3CE00982875 /* Info.plist */,
			);
			path = TrumpTimeTests;
			sourceTree = "<group>";
		};
		230572141C65F3CE00982875 /* TrumpTimeUITests */ = {
			isa = PBXGroup;
			children = (
				230572151C65F3CE00982875 /* TrumpTimeUITests.swift */,
				230572171C65F3CE00982875 /* Info.plist */,
			);
			path = TrumpTimeUITests;
			sourceTree = "<group>";
		};
		96D218161C66016D005FF0D6 /* Images */ = {
			isa = PBXGroup;
			children = (
			);
			name = Images;
			sourceTree = "<group>";
		};
/* End PBXGroup section */

/* Begin PBXNativeTarget section */
		230571F11C65F3CE00982875 /* TrumpTime */ = {
			isa = PBXNativeTarget;
			buildConfigurationList = 2305721A1C65F3CE00982875 /* Build configuration list for PBXNativeTarget "TrumpTime" */;
			buildPhases = (
				230571EE1C65F3CE00982875 /* Sources */,
				230571EF1C65F3CE00982875 /* Frameworks */,
				230571F01C65F3CE00982875 /* Resources */,
			);
			buildRules = (
			);
			dependencies = (
			);
			name = TrumpTime;
			productName = TrumpTime;
			productReference = 230571F21C65F3CE00982875 /* TrumpTime.app */;
			productType = "com.apple.product-type.application";
		};
		230572051C65F3CE00982875 /* TrumpTimeTests */ = {
			isa = PBXNativeTarget;
			buildConfigurationList = 2305721D1C65F3CE00982875 /* Build configuration list for PBXNativeTarget "TrumpTimeTests" */;
			buildPhases = (
				230572021C65F3CE00982875 /* Sources */,
				230572031C65F3CE00982875 /* Frameworks */,
				230572041C65F3CE00982875 /* Resources */,
			);
			buildRules = (
			);
			dependencies = (
				230572081C65F3CE00982875 /* PBXTargetDependency */,
			);
			name = TrumpTimeTests;
			productName = TrumpTimeTests;
			productReference = 230572061C65F3CE00982875 /* TrumpTimeTests.xctest */;
			productType = "com.apple.product-type.bundle.unit-test";
		};
		230572101C65F3CE00982875 /* TrumpTimeUITests */ = {
			isa = PBXNativeTarget;
			buildConfigurationList = 230572201C65F3CE00982875 /* Build configuration list for PBXNativeTarget "TrumpTimeUITests" */;
			buildPhases = (
				2305720D1C65F3CE00982875 /* Sources */,
				2305720E1C65F3CE00982875 /* Frameworks */,
				2305720F1C65F3CE00982875 /* Resources */,
			);
			buildRules = (
			);
			dependencies = (
				230572131C65F3CE00982875 /* PBXTargetDependency */,
			);
			name = TrumpTimeUITests;
			productName = TrumpTimeUITests;
			productReference = 230572111C65F3CE00982875 /* TrumpTimeUITests.xctest */;
			productType = "com.apple.product-type.bundle.ui-testing";
		};
/* End PBXNativeTarget section */

/* Begin PBXProject section */
		230571EA1C65F3CE00982875 /* Project object */ = {
			isa = PBXProject;
			attributes = {
				LastSwiftUpdateCheck = 0720;
				LastUpgradeCheck = 0720;
				ORGANIZATIONNAME = Samuel;
				TargetAttributes = {
					230571F11C65F3CE00982875 = {
						CreatedOnToolsVersion = 7.2.1;
						DevelopmentTeam = DKZ6SS268X;
						SystemCapabilities = {
							com.apple.BackgroundModes = {
								enabled = 1;
							};
						};
					};
					230572051C65F3CE00982875 = {
						CreatedOnToolsVersion = 7.2.1;
						DevelopmentTeam = DKZ6SS268X;
						TestTargetID = 230571F11C65F3CE00982875;
					};
					230572101C65F3CE00982875 = {
						CreatedOnToolsVersion = 7.2.1;
						DevelopmentTeam = DKZ6SS268X;
						TestTargetID = 230571F11C65F3CE00982875;
					};
				};
			};
			buildConfigurationList = 230571ED1C65F3CE00982875 /* Build configuration list for PBXProject "TrumpTime" */;
			compatibilityVersion = "Xcode 3.2";
			developmentRegion = English;
			hasScannedForEncodings = 0;
			knownRegions = (
				en,
				Base,
			);
			mainGroup = 230571E91C65F3CE00982875;
			productRefGroup = 230571F31C65F3CE00982875 /* Products */;
			projectDirPath = "";
			projectRoot = "";
			targets = (
				230571F11C65F3CE00982875 /* TrumpTime */,
				230572051C65F3CE00982875 /* TrumpTimeTests */,
				230572101C65F3CE00982875 /* TrumpTimeUITests */,
			);
		};
/* End PBXProject section */

/* Begin PBXResourcesBuildPhase section */
		230571F01C65F3CE00982875 /* Resources */ = {
			isa = PBXResourcesBuildPhase;
			buildActionMask = 2147483647;
			files = (
				230572001C65F3CE00982875 /* LaunchScreen.storyboard in Resources */,
				96D218211C663DB9005FF0D6 /* Red_Star_Flag.png in Resources */,
				230571FD1C65F3CE00982875 /* Assets.xcassets in Resources */,
				230571FB1C65F3CE00982875 /* Main.storyboard in Resources */,
				230572261C65F52200982875 /* Audio in Resources */,
			);
			runOnlyForDeploymentPostprocessing = 0;
		};
		230572041C65F3CE00982875 /* Resources */ = {
			isa = PBXResourcesBuildPhase;
			buildActionMask = 2147483647;
			files = (
			);
			runOnlyForDeploymentPostprocessing = 0;
		};
		2305720F1C65F3CE00982875 /* Resources */ = {
			isa = PBXResourcesBuildPhase;
			buildActionMask = 2147483647;
			files = (
			);
			runOnlyForDeploymentPostprocessing = 0;
		};
/* End PBXResourcesBuildPhase section */

/* Begin PBXSourcesBuildPhase section */
		230571EE1C65F3CE00982875 /* Sources */ = {
			isa = PBXSourcesBuildPhase;
			buildActionMask = 2147483647;
			files = (
				230571F81C65F3CE00982875 /* ViewController.swift in Sources */,
				230571F61C65F3CE00982875 /* AppDelegate.swift in Sources */,
			);
			runOnlyForDeploymentPostprocessing = 0;
		};
		230572021C65F3CE00982875 /* Sources */ = {
			isa = PBXSourcesBuildPhase;
			buildActionMask = 2147483647;
			files = (
				2305720B1C65F3CE00982875 /* TrumpTimeTests.swift in Sources */,
			);
			runOnlyForDeploymentPostprocessing = 0;
		};
		2305720D1C65F3CE00982875 /* Sources */ = {
			isa = PBXSourcesBuildPhase;
			buildActionMask = 2147483647;
			files = (
				230572161C65F3CE00982875 /* TrumpTimeUITests.swift in Sources */,
			);
			runOnlyForDeploymentPostprocessing = 0;
		};
/* End PBXSourcesBuildPhase section */

/* Begin PBXTargetDependency section */
		230572081C65F3CE00982875 /* PBXTargetDependency */ = {
			isa = PBXTargetDependency;
			target = 230571F11C65F3CE00982875 /* TrumpTime */;
			targetProxy = 230572071C65F3CE00982875 /* PBXContainerItemProxy */;
		};
		230572131C65F3CE00982875 /* PBXTargetDependency */ = {
			isa = PBXTargetDependency;
			target = 230571F11C65F3CE00982875 /* TrumpTime */;
			targetProxy = 230572121C65F3CE00982875 /* PBXContainerItemProxy */;
		};
/* End PBXTargetDependency section */

/* Begin PBXVariantGroup section */
		230571F91C65F3CE00982875 /* Main.storyboard */ = {
			isa = PBXVariantGroup;
			children = (
				230571FA1C65F3CE00982875 /* Base */,
			);
			name = Main.storyboard;
			sourceTree = "<group>";
		};
		230571FE1C65F3CE00982875 /* LaunchScreen.storyboard */ = {
			isa = PBXVariantGroup;
			children = (
				230571FF1C65F3CE00982875 /* Base */,
			);
			name = LaunchScreen.storyboard;
			sourceTree = "<group>";
		};
/* End PBXVariantGroup section */

/* Begin XCBuildConfiguration section */
		230572181C65F3CE00982875 /* Debug */ = {
			isa = XCBuildConfiguration;
			buildSettings = {
				ALWAYS_SEARCH_USER_PATHS = NO;
				CLANG_CXX_LANGUAGE_STANDARD = "gnu++0x";
				CLANG_CXX_LIBRARY = "libc++";
				CLANG_ENABLE_MODULES = YES;
				CLANG_ENABLE_OBJC_ARC = YES;
				CLANG_WARN_BOOL_CONVERSION = YES;
				CLANG_WARN_CONSTANT_CONVERSION = YES;
				CLANG_WARN_DIRECT_OBJC_ISA_USAGE = YES_ERROR;
				CLANG_WARN_EMPTY_BODY = YES;
				CLANG_WARN_ENUM_CONVERSION = YES;
				CLANG_WARN_INT_CONVERSION = YES;
				CLANG_WARN_OBJC_ROOT_CLASS = YES_ERROR;
				CLANG_WARN_UNREACHABLE_CODE = YES;
				CLANG_WARN__DUPLICATE_METHOD_MATCH = YES;
				"CODE_SIGN_IDENTITY[sdk=iphoneos*]" = "iPhone Developer";
				COPY_PHASE_STRIP = NO;
				DEBUG_INFORMATION_FORMAT = dwarf;
				ENABLE_STRICT_OBJC_MSGSEND = YES;
				ENABLE_TESTABILITY = YES;
				GCC_C_LANGUAGE_STANDARD = gnu99;
				GCC_DYNAMIC_NO_PIC = NO;
				GCC_NO_COMMON_BLOCKS = YES;
				GCC_OPTIMIZATION_LEVEL = 0;
				GCC_PREPROCESSOR_DEFINITIONS = (
					"DEBUG=1",
					"$(inherited)",
				);
				GCC_WARN_64_TO_32_BIT_CONVERSION = YES;
				GCC_WARN_ABOUT_RETURN_TYPE = YES_ERROR;
				GCC_WARN_UNDECLARED_SELECTOR = YES;
				GCC_WARN_UNINITIALIZED_AUTOS = YES_AGGRESSIVE;
				GCC_WARN_UNUSED_FUNCTION = YES;
				GCC_WARN_UNUSED_VARIABLE = YES;
				IPHONEOS_DEPLOYMENT_TARGET = 9.2;
				MTL_ENABLE_DEBUG_INFO = YES;
				ONLY_ACTIVE_ARCH = YES;
				SDKROOT = iphoneos;
				SWIFT_OPTIMIZATION_LEVEL = "-Onone";
			};
			name = Debug;
		};
		230572191C65F3CE00982875 /* Release */ = {
			isa = XCBuildConfiguration;
			buildSettings = {
				ALWAYS_SEARCH_USER_PATHS = NO;
				CLANG_CXX_LANGUAGE_STANDARD = "gnu++0x";
				CLANG_CXX_LIBRARY = "libc++";
				CLANG_ENABLE_MODULES = YES;
				CLANG_ENABLE_OBJC_ARC = YES;
				CLANG_WARN_BOOL_CONVERSION = YES;
				CLANG_WARN_CONSTANT_CONVERSION = YES;
				CLANG_WARN_DIRECT_OBJC_ISA_USAGE = YES_ERROR;
				CLANG_WARN_EMPTY_BODY = YES;
				CLANG_WARN_ENUM_CONVERSION = YES;
				CLANG_WARN_INT_CONVERSION = YES;
				CLANG_WARN_OBJC_ROOT_CLASS = YES_ERROR;
				CLANG_WARN_UNREACHABLE_CODE = YES;
				CLANG_WARN__DUPLICATE_METHOD_MATCH = YES;
				"CODE_SIGN_IDENTITY[sdk=iphoneos*]" = "iPhone Developer";
				COPY_PHASE_STRIP = NO;
				DEBUG_INFORMATION_FORMAT = "dwarf-with-dsym";
				ENABLE_NS_ASSERTIONS = NO;
				ENABLE_STRICT_OBJC_MSGSEND = YES;
				GCC_C_LANGUAGE_STANDARD = gnu99;
				GCC_NO_COMMON_BLOCKS = YES;
				GCC_WARN_64_TO_32_BIT_CONVERSION = YES;
				GCC_WARN_ABOUT_RETURN_TYPE = YES_ERROR;
				GCC_WARN_UNDECLARED_SELECTOR = YES;
				GCC_WARN_UNINITIALIZED_AUTOS = YES_AGGRESSIVE;
				GCC_WARN_UNUSED_FUNCTION = YES;
				GCC_WARN_UNUSED_VARIABLE = YES;
				IPHONEOS_DEPLOYMENT_TARGET = 9.2;
				MTL_ENABLE_DEBUG_INFO = NO;
				SDKROOT = iphoneos;
				VALIDATE_PRODUCT = YES;
			};
			name = Release;
		};
		2305721B1C65F3CE00982875 /* Debug */ = {
			isa = XCBuildConfiguration;
			buildSettings = {
				ASSETCATALOG_COMPILER_APPICON_NAME = AppIcon;
				CODE_SIGN_IDENTITY = "iPhone Developer";
				FRAMEWORK_SEARCH_PATHS = (
					"$(inherited)",
					"$(PROJECT_DIR)",
				);
				INFOPLIST_FILE = TrumpTime/Info.plist;
				IPHONEOS_DEPLOYMENT_TARGET = 8.0;
				LD_RUNPATH_SEARCH_PATHS = "$(inherited) @executable_path/Frameworks";
				PRODUCT_BUNDLE_IDENTIFIER = co.jmkl.TrumpTime;
				PRODUCT_NAME = "$(TARGET_NAME)";
				SWIFT_OBJC_BRIDGING_HEADER = "TrumpTime/Bridging-Header.h";
			};
			name = Debug;
		};
		2305721C1C65F3CE00982875 /* Release */ = {
			isa = XCBuildConfiguration;
			buildSettings = {
				ASSETCATALOG_COMPILER_APPICON_NAME = AppIcon;
				CODE_SIGN_IDENTITY = "iPhone Developer";
				FRAMEWORK_SEARCH_PATHS = (
					"$(inherited)",
					"$(PROJECT_DIR)",
				);
				INFOPLIST_FILE = TrumpTime/Info.plist;
				IPHONEOS_DEPLOYMENT_TARGET = 8.0;
				LD_RUNPATH_SEARCH_PATHS = "$(inherited) @executable_path/Frameworks";
				PRODUCT_BUNDLE_IDENTIFIER = co.jmkl.TrumpTime;
				PRODUCT_NAME = "$(TARGET_NAME)";
				SWIFT_OBJC_BRIDGING_HEADER = "TrumpTime/Bridging-Header.h";
			};
			name = Release;
		};
		2305721E1C65F3CE00982875 /* Debug */ = {
			isa = XCBuildConfiguration;
			buildSettings = {
				BUNDLE_LOADER = "$(TEST_HOST)";
				INFOPLIST_FILE = TrumpTimeTests/Info.plist;
				LD_RUNPATH_SEARCH_PATHS = "$(inherited) @executable_path/Frameworks @loader_path/Frameworks";
				PRODUCT_BUNDLE_IDENTIFIER = co.jmkl.TrumpTimeTests;
				PRODUCT_NAME = "$(TARGET_NAME)";
				TEST_HOST = "$(BUILT_PRODUCTS_DIR)/TrumpTime.app/TrumpTime";
			};
			name = Debug;
		};
		2305721F1C65F3CE00982875 /* Release */ = {
			isa = XCBuildConfiguration;
			buildSettings = {
				BUNDLE_LOADER = "$(TEST_HOST)";
				INFOPLIST_FILE = TrumpTimeTests/Info.plist;
				LD_RUNPATH_SEARCH_PATHS = "$(inherited) @executable_path/Frameworks @loader_path/Frameworks";
				PRODUCT_BUNDLE_IDENTIFIER = co.jmkl.TrumpTimeTests;
				PRODUCT_NAME = "$(TARGET_NAME)";
				TEST_HOST = "$(BUILT_PRODUCTS_DIR)/TrumpTime.app/TrumpTime";
			};
			name = Release;
		};
		230572211C65F3CE00982875 /* Debug */ = {
			isa = XCBuildConfiguration;
			buildSettings = {
				INFOPLIST_FILE = TrumpTimeUITests/Info.plist;
				LD_RUNPATH_SEARCH_PATHS = "$(inherited) @executable_path/Frameworks @loader_path/Frameworks";
				PRODUCT_BUNDLE_IDENTIFIER = co.jmkl.TrumpTimeUITests;
				PRODUCT_NAME = "$(TARGET_NAME)";
				TEST_TARGET_NAME = TrumpTime;
				USES_XCTRUNNER = YES;
			};
			name = Debug;
		};
		230572221C65F3CE00982875 /* Release */ = {
			isa = XCBuildConfiguration;
			buildSettings = {
				INFOPLIST_FILE = TrumpTimeUITests/Info.plist;
				LD_RUNPATH_SEARCH_PATHS = "$(inherited) @executable_path/Frameworks @loader_path/Frameworks";
				PRODUCT_BUNDLE_IDENTIFIER = co.jmkl.TrumpTimeUITests;
				PRODUCT_NAME = "$(TARGET_NAME)";
				TEST_TARGET_NAME = TrumpTime;
				USES_XCTRUNNER = YES;
			};
			name = Release;
		};
/* End XCBuildConfiguration section */

/* Begin XCConfigurationList section */
		230571ED1C65F3CE00982875 /* Build configuration list for PBXProject "TrumpTime" */ = {
			isa = XCConfigurationList;
			buildConfigurations = (
				230572181C65F3CE00982875 /* Debug */,
				230572191C65F3CE00982875 /* Release */,
			);
			defaultConfigurationIsVisible = 0;
			defaultConfigurationName = Release;
		};
		2305721A1C65F3CE00982875 /* Build configuration list for PBXNativeTarget "TrumpTime" */ = {
			isa = XCConfigurationList;
			buildConfigurations = (
				2305721B1C65F3CE00982875 /* Debug */,
				2305721C1C65F3CE00982875 /* Release */,
			);
			defaultConfigurationIsVisible = 0;
			defaultConfigurationName = Release;
		};
		2305721D1C65F3CE00982875 /* Build configuration list for PBXNativeTarget "TrumpTimeTests" */ = {
			isa = XCConfigurationList;
			buildConfigurations = (
				2305721E1C65F3CE00982875 /* Debug */,
				2305721F1C65F3CE00982875 /* Release */,
			);
			defaultConfigurationIsVisible = 0;
			defaultConfigurationName = Release;
		};
		230572201C65F3CE00982875 /* Build configuration list for PBXNativeTarget "TrumpTimeUITests" */ = {
			isa = XCConfigurationList;
			buildConfigurations = (
				230572211C65F3CE00982875 /* Debug */,
				230572221C65F3CE00982875 /* Release */,
			);
			defaultConfigurationIsVisible = 0;
			defaultConfigurationName = Release;
		};
/* End XCConfigurationList section */
	};
	rootObject = 230571EA1C65F3CE00982875 /* Project object */;
}
