// !$*UTF8*$!
{
	archiveVersion = 1;
	classes = {
	};
	objectVersion = 46;
	objects = {

/* Begin PBXBuildFile section */
		2399FFC21C65A4AA007FCD57 /* AppDelegate.swift in Sources */ = {isa = PBXBuildFile; fileRef = 2399FFC11C65A4AA007FCD57 /* AppDelegate.swift */; };
		2399FFC41C65A4AA007FCD57 /* ViewController.swift in Sources */ = {isa = PBXBuildFile; fileRef = 2399FFC31C65A4AA007FCD57 /* ViewController.swift */; };
		2399FFC71C65A4AA007FCD57 /* Main.storyboard in Resources */ = {isa = PBXBuildFile; fileRef = 2399FFC51C65A4AA007FCD57 /* Main.storyboard */; };
		2399FFC91C65A4AA007FCD57 /* Assets.xcassets in Resources */ = {isa = PBXBuildFile; fileRef = 2399FFC81C65A4AA007FCD57 /* Assets.xcassets */; };
		2399FFCC1C65A4AA007FCD57 /* LaunchScreen.storyboard in Resources */ = {isa = PBXBuildFile; fileRef = 2399FFCA1C65A4AA007FCD57 /* LaunchScreen.storyboard */; };
		2399FFD71C65A4AA007FCD57 /* TrumpTimeTests.swift in Sources */ = {isa = PBXBuildFile; fileRef = 2399FFD61C65A4AA007FCD57 /* TrumpTimeTests.swift */; };
		2399FFE21C65A4AA007FCD57 /* TrumpTimeUITests.swift in Sources */ = {isa = PBXBuildFile; fileRef = 2399FFE11C65A4AA007FCD57 /* TrumpTimeUITests.swift */; };
/* End PBXBuildFile section */

/* Begin PBXContainerItemProxy section */
		2399FFD31C65A4AA007FCD57 /* PBXContainerItemProxy */ = {
			isa = PBXContainerItemProxy;
			containerPortal = 2399FFB61C65A4AA007FCD57 /* Project object */;
			proxyType = 1;
			remoteGlobalIDString = 2399FFBD1C65A4AA007FCD57;
			remoteInfo = TrumpTime;
		};
		2399FFDE1C65A4AA007FCD57 /* PBXContainerItemProxy */ = {
			isa = PBXContainerItemProxy;
			containerPortal = 2399FFB61C65A4AA007FCD57 /* Project object */;
			proxyType = 1;
			remoteGlobalIDString = 2399FFBD1C65A4AA007FCD57;
			remoteInfo = TrumpTime;
		};
/* End PBXContainerItemProxy section */

/* Begin PBXFileReference section */
		2399FFBE1C65A4AA007FCD57 /* TrumpTime.app */ = {isa = PBXFileReference; explicitFileType = wrapper.application; includeInIndex = 0; path = TrumpTime.app; sourceTree = BUILT_PRODUCTS_DIR; };
		2399FFC11C65A4AA007FCD57 /* AppDelegate.swift */ = {isa = PBXFileReference; lastKnownFileType = sourcecode.swift; path = AppDelegate.swift; sourceTree = "<group>"; };
		2399FFC31C65A4AA007FCD57 /* ViewController.swift */ = {isa = PBXFileReference; lastKnownFileType = sourcecode.swift; path = ViewController.swift; sourceTree = "<group>"; };
		2399FFC61C65A4AA007FCD57 /* Base */ = {isa = PBXFileReference; lastKnownFileType = file.storyboard; name = Base; path = Base.lproj/Main.storyboard; sourceTree = "<group>"; };
		2399FFC81C65A4AA007FCD57 /* Assets.xcassets */ = {isa = PBXFileReference; lastKnownFileType = folder.assetcatalog; path = Assets.xcassets; sourceTree = "<group>"; };
		2399FFCB1C65A4AA007FCD57 /* Base */ = {isa = PBXFileReference; lastKnownFileType = file.storyboard; name = Base; path = Base.lproj/LaunchScreen.storyboard; sourceTree = "<group>"; };
		2399FFCD1C65A4AA007FCD57 /* Info.plist */ = {isa = PBXFileReference; lastKnownFileType = text.plist.xml; path = Info.plist; sourceTree = "<group>"; };
		2399FFD21C65A4AA007FCD57 /* TrumpTimeTests.xctest */ = {isa = PBXFileReference; explicitFileType = wrapper.cfbundle; includeInIndex = 0; path = TrumpTimeTests.xctest; sourceTree = BUILT_PRODUCTS_DIR; };
		2399FFD61C65A4AA007FCD57 /* TrumpTimeTests.swift */ = {isa = PBXFileReference; lastKnownFileType = sourcecode.swift; path = TrumpTimeTests.swift; sourceTree = "<group>"; };
		2399FFD81C65A4AA007FCD57 /* Info.plist */ = {isa = PBXFileReference; lastKnownFileType = text.plist.xml; path = Info.plist; sourceTree = "<group>"; };
		2399FFDD1C65A4AA007FCD57 /* TrumpTimeUITests.xctest */ = {isa = PBXFileReference; explicitFileType = wrapper.cfbundle; includeInIndex = 0; path = TrumpTimeUITests.xctest; sourceTree = BUILT_PRODUCTS_DIR; };
		2399FFE11C65A4AA007FCD57 /* TrumpTimeUITests.swift */ = {isa = PBXFileReference; lastKnownFileType = sourcecode.swift; path = TrumpTimeUITests.swift; sourceTree = "<group>"; };
		2399FFE31C65A4AA007FCD57 /* Info.plist */ = {isa = PBXFileReference; lastKnownFileType = text.plist.xml; path = Info.plist; sourceTree = "<group>"; };
/* End PBXFileReference section */

/* Begin PBXFrameworksBuildPhase section */
		2399FFBB1C65A4AA007FCD57 /* Frameworks */ = {
			isa = PBXFrameworksBuildPhase;
			buildActionMask = 2147483647;
			files = (
			);
			runOnlyForDeploymentPostprocessing = 0;
		};
		2399FFCF1C65A4AA007FCD57 /* Frameworks */ = {
			isa = PBXFrameworksBuildPhase;
			buildActionMask = 2147483647;
			files = (
			);
			runOnlyForDeploymentPostprocessing = 0;
		};
		2399FFDA1C65A4AA007FCD57 /* Frameworks */ = {
			isa = PBXFrameworksBuildPhase;
			buildActionMask = 2147483647;
			files = (
			);
			runOnlyForDeploymentPostprocessing = 0;
		};
/* End PBXFrameworksBuildPhase section */

/* Begin PBXGroup section */
		2399FFB51C65A4AA007FCD57 = {
			isa = PBXGroup;
			children = (
				2399FFC01C65A4AA007FCD57 /* TrumpTime */,
				2399FFD51C65A4AA007FCD57 /* TrumpTimeTests */,
				2399FFE01C65A4AA007FCD57 /* TrumpTimeUITests */,
				2399FFBF1C65A4AA007FCD57 /* Products */,
			);
			sourceTree = "<group>";
		};
		2399FFBF1C65A4AA007FCD57 /* Products */ = {
			isa = PBXGroup;
			children = (
				2399FFBE1C65A4AA007FCD57 /* TrumpTime.app */,
				2399FFD21C65A4AA007FCD57 /* TrumpTimeTests.xctest */,
				2399FFDD1C65A4AA007FCD57 /* TrumpTimeUITests.xctest */,
			);
			name = Products;
			sourceTree = "<group>";
		};
		2399FFC01C65A4AA007FCD57 /* TrumpTime */ = {
			isa = PBXGroup;
			children = (
				2399FFC11C65A4AA007FCD57 /* AppDelegate.swift */,
				2399FFC31C65A4AA007FCD57 /* ViewController.swift */,
				2399FFC51C65A4AA007FCD57 /* Main.storyboard */,
				2399FFC81C65A4AA007FCD57 /* Assets.xcassets */,
				2399FFCA1C65A4AA007FCD57 /* LaunchScreen.storyboard */,
				2399FFCD1C65A4AA007FCD57 /* Info.plist */,
			);
			path = TrumpTime;
			sourceTree = "<group>";
		};
		2399FFD51C65A4AA007FCD57 /* TrumpTimeTests */ = {
			isa = PBXGroup;
			children = (
				2399FFD61C65A4AA007FCD57 /* TrumpTimeTests.swift */,
				2399FFD81C65A4AA007FCD57 /* Info.plist */,
			);
			path = TrumpTimeTests;
			sourceTree = "<group>";
		};
		2399FFE01C65A4AA007FCD57 /* TrumpTimeUITests */ = {
			isa = PBXGroup;
			children = (
				2399FFE11C65A4AA007FCD57 /* TrumpTimeUITests.swift */,
				2399FFE31C65A4AA007FCD57 /* Info.plist */,
			);
			path = TrumpTimeUITests;
			sourceTree = "<group>";
		};
/* End PBXGroup section */

/* Begin PBXNativeTarget section */
		2399FFBD1C65A4AA007FCD57 /* TrumpTime */ = {
			isa = PBXNativeTarget;
			buildConfigurationList = 2399FFE61C65A4AA007FCD57 /* Build configuration list for PBXNativeTarget "TrumpTime" */;
			buildPhases = (
				2399FFBA1C65A4AA007FCD57 /* Sources */,
				2399FFBB1C65A4AA007FCD57 /* Frameworks */,
				2399FFBC1C65A4AA007FCD57 /* Resources */,
			);
			buildRules = (
			);
			dependencies = (
			);
			name = TrumpTime;
			productName = TrumpTime;
			productReference = 2399FFBE1C65A4AA007FCD57 /* TrumpTime.app */;
			productType = "com.apple.product-type.application";
		};
		2399FFD11C65A4AA007FCD57 /* TrumpTimeTests */ = {
			isa = PBXNativeTarget;
			buildConfigurationList = 2399FFE91C65A4AA007FCD57 /* Build configuration list for PBXNativeTarget "TrumpTimeTests" */;
			buildPhases = (
				2399FFCE1C65A4AA007FCD57 /* Sources */,
				2399FFCF1C65A4AA007FCD57 /* Frameworks */,
				2399FFD01C65A4AA007FCD57 /* Resources */,
			);
			buildRules = (
			);
			dependencies = (
				2399FFD41C65A4AA007FCD57 /* PBXTargetDependency */,
			);
			name = TrumpTimeTests;
			productName = TrumpTimeTests;
			productReference = 2399FFD21C65A4AA007FCD57 /* TrumpTimeTests.xctest */;
			productType = "com.apple.product-type.bundle.unit-test";
		};
		2399FFDC1C65A4AA007FCD57 /* TrumpTimeUITests */ = {
			isa = PBXNativeTarget;
			buildConfigurationList = 2399FFEC1C65A4AA007FCD57 /* Build configuration list for PBXNativeTarget "TrumpTimeUITests" */;
			buildPhases = (
				2399FFD91C65A4AA007FCD57 /* Sources */,
				2399FFDA1C65A4AA007FCD57 /* Frameworks */,
				2399FFDB1C65A4AA007FCD57 /* Resources */,
			);
			buildRules = (
			);
			dependencies = (
				2399FFDF1C65A4AA007FCD57 /* PBXTargetDependency */,
			);
			name = TrumpTimeUITests;
			productName = TrumpTimeUITests;
			productReference = 2399FFDD1C65A4AA007FCD57 /* TrumpTimeUITests.xctest */;
			productType = "com.apple.product-type.bundle.ui-testing";
		};
/* End PBXNativeTarget section */

/* Begin PBXProject section */
		2399FFB61C65A4AA007FCD57 /* Project object */ = {
			isa = PBXProject;
			attributes = {
				LastSwiftUpdateCheck = 0720;
				LastUpgradeCheck = 0720;
				ORGANIZATIONNAME = Samuel;
				TargetAttributes = {
					2399FFBD1C65A4AA007FCD57 = {
						CreatedOnToolsVersion = 7.2.1;
						DevelopmentTeam = DKZ6SS268X;
					};
					2399FFD11C65A4AA007FCD57 = {
						CreatedOnToolsVersion = 7.2.1;
						DevelopmentTeam = DKZ6SS268X;
						TestTargetID = 2399FFBD1C65A4AA007FCD57;
					};
					2399FFDC1C65A4AA007FCD57 = {
						CreatedOnToolsVersion = 7.2.1;
						DevelopmentTeam = DKZ6SS268X;
						TestTargetID = 2399FFBD1C65A4AA007FCD57;
					};
				};
			};
			buildConfigurationList = 2399FFB91C65A4AA007FCD57 /* Build configuration list for PBXProject "TrumpTime" */;
			compatibilityVersion = "Xcode 3.2";
			developmentRegion = English;
			hasScannedForEncodings = 0;
			knownRegions = (
				en,
				Base,
			);
			mainGroup = 2399FFB51C65A4AA007FCD57;
			productRefGroup = 2399FFBF1C65A4AA007FCD57 /* Products */;
			projectDirPath = "";
			projectRoot = "";
			targets = (
				2399FFBD1C65A4AA007FCD57 /* TrumpTime */,
				2399FFD11C65A4AA007FCD57 /* TrumpTimeTests */,
				2399FFDC1C65A4AA007FCD57 /* TrumpTimeUITests */,
			);
		};
/* End PBXProject section */

/* Begin PBXResourcesBuildPhase section */
		2399FFBC1C65A4AA007FCD57 /* Resources */ = {
			isa = PBXResourcesBuildPhase;
			buildActionMask = 2147483647;
			files = (
				2399FFCC1C65A4AA007FCD57 /* LaunchScreen.storyboard in Resources */,
				2399FFC91C65A4AA007FCD57 /* Assets.xcassets in Resources */,
				2399FFC71C65A4AA007FCD57 /* Main.storyboard in Resources */,
			);
			runOnlyForDeploymentPostprocessing = 0;
		};
		2399FFD01C65A4AA007FCD57 /* Resources */ = {
			isa = PBXResourcesBuildPhase;
			buildActionMask = 2147483647;
			files = (
			);
			runOnlyForDeploymentPostprocessing = 0;
		};
		2399FFDB1C65A4AA007FCD57 /* Resources */ = {
			isa = PBXResourcesBuildPhase;
			buildActionMask = 2147483647;
			files = (
			);
			runOnlyForDeploymentPostprocessing = 0;
		};
/* End PBXResourcesBuildPhase section */

/* Begin PBXSourcesBuildPhase section */
		2399FFBA1C65A4AA007FCD57 /* Sources */ = {
			isa = PBXSourcesBuildPhase;
			buildActionMask = 2147483647;
			files = (
				2399FFC41C65A4AA007FCD57 /* ViewController.swift in Sources */,
				2399FFC21C65A4AA007FCD57 /* AppDelegate.swift in Sources */,
			);
			runOnlyForDeploymentPostprocessing = 0;
		};
		2399FFCE1C65A4AA007FCD57 /* Sources */ = {
			isa = PBXSourcesBuildPhase;
			buildActionMask = 2147483647;
			files = (
				2399FFD71C65A4AA007FCD57 /* TrumpTimeTests.swift in Sources */,
			);
			runOnlyForDeploymentPostprocessing = 0;
		};
		2399FFD91C65A4AA007FCD57 /* Sources */ = {
			isa = PBXSourcesBuildPhase;
			buildActionMask = 2147483647;
			files = (
				2399FFE21C65A4AA007FCD57 /* TrumpTimeUITests.swift in Sources */,
			);
			runOnlyForDeploymentPostprocessing = 0;
		};
/* End PBXSourcesBuildPhase section */

/* Begin PBXTargetDependency section */
		2399FFD41C65A4AA007FCD57 /* PBXTargetDependency */ = {
			isa = PBXTargetDependency;
			target = 2399FFBD1C65A4AA007FCD57 /* TrumpTime */;
			targetProxy = 2399FFD31C65A4AA007FCD57 /* PBXContainerItemProxy */;
		};
		2399FFDF1C65A4AA007FCD57 /* PBXTargetDependency */ = {
			isa = PBXTargetDependency;
			target = 2399FFBD1C65A4AA007FCD57 /* TrumpTime */;
			targetProxy = 2399FFDE1C65A4AA007FCD57 /* PBXContainerItemProxy */;
		};
/* End PBXTargetDependency section */

/* Begin PBXVariantGroup section */
		2399FFC51C65A4AA007FCD57 /* Main.storyboard */ = {
			isa = PBXVariantGroup;
			children = (
				2399FFC61C65A4AA007FCD57 /* Base */,
			);
			name = Main.storyboard;
			sourceTree = "<group>";
		};
		2399FFCA1C65A4AA007FCD57 /* LaunchScreen.storyboard */ = {
			isa = PBXVariantGroup;
			children = (
				2399FFCB1C65A4AA007FCD57 /* Base */,
			);
			name = LaunchScreen.storyboard;
			sourceTree = "<group>";
		};
/* End PBXVariantGroup section */

/* Begin XCBuildConfiguration section */
		2399FFE41C65A4AA007FCD57 /* Debug */ = {
			isa = XCBuildConfiguration;
			buildSettings = {
				ALWAYS_SEARCH_USER_PATHS = NO;
				CLANG_CXX_LANGUAGE_STANDARD = "gnu++0x";
				CLANG_CXX_LIBRARY = "libc++";
				CLANG_ENABLE_MODULES = YES;
				CLANG_ENABLE_OBJC_ARC = YES;
				CLANG_WARN_BOOL_CONVERSION = YES;
				CLANG_WARN_CONSTANT_CONVERSION = YES;
				CLANG_WARN_DIRECT_OBJC_ISA_USAGE = YES_ERROR;
				CLANG_WARN_EMPTY_BODY = YES;
				CLANG_WARN_ENUM_CONVERSION = YES;
				CLANG_WARN_INT_CONVERSION = YES;
				CLANG_WARN_OBJC_ROOT_CLASS = YES_ERROR;
				CLANG_WARN_UNREACHABLE_CODE = YES;
				CLANG_WARN__DUPLICATE_METHOD_MATCH = YES;
				"CODE_SIGN_IDENTITY[sdk=iphoneos*]" = "iPhone Developer";
				COPY_PHASE_STRIP = NO;
				DEBUG_INFORMATION_FORMAT = dwarf;
				ENABLE_STRICT_OBJC_MSGSEND = YES;
				ENABLE_TESTABILITY = YES;
				GCC_C_LANGUAGE_STANDARD = gnu99;
				GCC_DYNAMIC_NO_PIC = NO;
				GCC_NO_COMMON_BLOCKS = YES;
				GCC_OPTIMIZATION_LEVEL = 0;
				GCC_PREPROCESSOR_DEFINITIONS = (
					"DEBUG=1",
					"$(inherited)",
				);
				GCC_WARN_64_TO_32_BIT_CONVERSION = YES;
				GCC_WARN_ABOUT_RETURN_TYPE = YES_ERROR;
				GCC_WARN_UNDECLARED_SELECTOR = YES;
				GCC_WARN_UNINITIALIZED_AUTOS = YES_AGGRESSIVE;
				GCC_WARN_UNUSED_FUNCTION = YES;
				GCC_WARN_UNUSED_VARIABLE = YES;
				IPHONEOS_DEPLOYMENT_TARGET = 9.2;
				MTL_ENABLE_DEBUG_INFO = YES;
				ONLY_ACTIVE_ARCH = YES;
				SDKROOT = iphoneos;
				SWIFT_OPTIMIZATION_LEVEL = "-Onone";
			};
			name = Debug;
		};
		2399FFE51C65A4AA007FCD57 /* Release */ = {
			isa = XCBuildConfiguration;
			buildSettings = {
				ALWAYS_SEARCH_USER_PATHS = NO;
				CLANG_CXX_LANGUAGE_STANDARD = "gnu++0x";
				CLANG_CXX_LIBRARY = "libc++";
				CLANG_ENABLE_MODULES = YES;
				CLANG_ENABLE_OBJC_ARC = YES;
				CLANG_WARN_BOOL_CONVERSION = YES;
				CLANG_WARN_CONSTANT_CONVERSION = YES;
				CLANG_WARN_DIRECT_OBJC_ISA_USAGE = YES_ERROR;
				CLANG_WARN_EMPTY_BODY = YES;
				CLANG_WARN_ENUM_CONVERSION = YES;
				CLANG_WARN_INT_CONVERSION = YES;
				CLANG_WARN_OBJC_ROOT_CLASS = YES_ERROR;
				CLANG_WARN_UNREACHABLE_CODE = YES;
				CLANG_WARN__DUPLICATE_METHOD_MATCH = YES;
				"CODE_SIGN_IDENTITY[sdk=iphoneos*]" = "iPhone Developer";
				COPY_PHASE_STRIP = NO;
				DEBUG_INFORMATION_FORMAT = "dwarf-with-dsym";
				ENABLE_NS_ASSERTIONS = NO;
				ENABLE_STRICT_OBJC_MSGSEND = YES;
				GCC_C_LANGUAGE_STANDARD = gnu99;
				GCC_NO_COMMON_BLOCKS = YES;
				GCC_WARN_64_TO_32_BIT_CONVERSION = YES;
				GCC_WARN_ABOUT_RETURN_TYPE = YES_ERROR;
				GCC_WARN_UNDECLARED_SELECTOR = YES;
				GCC_WARN_UNINITIALIZED_AUTOS = YES_AGGRESSIVE;
				GCC_WARN_UNUSED_FUNCTION = YES;
				GCC_WARN_UNUSED_VARIABLE = YES;
				IPHONEOS_DEPLOYMENT_TARGET = 9.2;
				MTL_ENABLE_DEBUG_INFO = NO;
				SDKROOT = iphoneos;
				VALIDATE_PRODUCT = YES;
			};
			name = Release;
		};
		2399FFE71C65A4AA007FCD57 /* Debug */ = {
			isa = XCBuildConfiguration;
			buildSettings = {
				ASSETCATALOG_COMPILER_APPICON_NAME = AppIcon;
				INFOPLIST_FILE = TrumpTime/Info.plist;
				LD_RUNPATH_SEARCH_PATHS = "$(inherited) @executable_path/Frameworks";
				PRODUCT_BUNDLE_IDENTIFIER = co.jmkl.TrumpTime;
				PRODUCT_NAME = "$(TARGET_NAME)";
			};
			name = Debug;
		};
		2399FFE81C65A4AA007FCD57 /* Release */ = {
			isa = XCBuildConfiguration;
			buildSettings = {
				ASSETCATALOG_COMPILER_APPICON_NAME = AppIcon;
				INFOPLIST_FILE = TrumpTime/Info.plist;
				LD_RUNPATH_SEARCH_PATHS = "$(inherited) @executable_path/Frameworks";
				PRODUCT_BUNDLE_IDENTIFIER = co.jmkl.TrumpTime;
				PRODUCT_NAME = "$(TARGET_NAME)";
			};
			name = Release;
		};
		2399FFEA1C65A4AA007FCD57 /* Debug */ = {
			isa = XCBuildConfiguration;
			buildSettings = {
				BUNDLE_LOADER = "$(TEST_HOST)";
				INFOPLIST_FILE = TrumpTimeTests/Info.plist;
				LD_RUNPATH_SEARCH_PATHS = "$(inherited) @executable_path/Frameworks @loader_path/Frameworks";
				PRODUCT_BUNDLE_IDENTIFIER = co.jmkl.TrumpTimeTests;
				PRODUCT_NAME = "$(TARGET_NAME)";
				TEST_HOST = "$(BUILT_PRODUCTS_DIR)/TrumpTime.app/TrumpTime";
			};
			name = Debug;
		};
		2399FFEB1C65A4AA007FCD57 /* Release */ = {
			isa = XCBuildConfiguration;
			buildSettings = {
				BUNDLE_LOADER = "$(TEST_HOST)";
				INFOPLIST_FILE = TrumpTimeTests/Info.plist;
				LD_RUNPATH_SEARCH_PATHS = "$(inherited) @executable_path/Frameworks @loader_path/Frameworks";
				PRODUCT_BUNDLE_IDENTIFIER = co.jmkl.TrumpTimeTests;
				PRODUCT_NAME = "$(TARGET_NAME)";
				TEST_HOST = "$(BUILT_PRODUCTS_DIR)/TrumpTime.app/TrumpTime";
			};
			name = Release;
		};
		2399FFED1C65A4AA007FCD57 /* Debug */ = {
			isa = XCBuildConfiguration;
			buildSettings = {
				INFOPLIST_FILE = TrumpTimeUITests/Info.plist;
				LD_RUNPATH_SEARCH_PATHS = "$(inherited) @executable_path/Frameworks @loader_path/Frameworks";
				PRODUCT_BUNDLE_IDENTIFIER = co.jmkl.TrumpTimeUITests;
				PRODUCT_NAME = "$(TARGET_NAME)";
				TEST_TARGET_NAME = TrumpTime;
				USES_XCTRUNNER = YES;
			};
			name = Debug;
		};
		2399FFEE1C65A4AA007FCD57 /* Release */ = {
			isa = XCBuildConfiguration;
			buildSettings = {
				INFOPLIST_FILE = TrumpTimeUITests/Info.plist;
				LD_RUNPATH_SEARCH_PATHS = "$(inherited) @executable_path/Frameworks @loader_path/Frameworks";
				PRODUCT_BUNDLE_IDENTIFIER = co.jmkl.TrumpTimeUITests;
				PRODUCT_NAME = "$(TARGET_NAME)";
				TEST_TARGET_NAME = TrumpTime;
				USES_XCTRUNNER = YES;
			};
			name = Release;
		};
/* End XCBuildConfiguration section */

/* Begin XCConfigurationList section */
		2399FFB91C65A4AA007FCD57 /* Build configuration list for PBXProject "TrumpTime" */ = {
			isa = XCConfigurationList;
			buildConfigurations = (
				2399FFE41C65A4AA007FCD57 /* Debug */,
				2399FFE51C65A4AA007FCD57 /* Release */,
			);
			defaultConfigurationIsVisible = 0;
			defaultConfigurationName = Release;
		};
		2399FFE61C65A4AA007FCD57 /* Build configuration list for PBXNativeTarget "TrumpTime" */ = {
			isa = XCConfigurationList;
			buildConfigurations = (
				2399FFE71C65A4AA007FCD57 /* Debug */,
				2399FFE81C65A4AA007FCD57 /* Release */,
			);
			defaultConfigurationIsVisible = 0;
		};
		2399FFE91C65A4AA007FCD57 /* Build configuration list for PBXNativeTarget "TrumpTimeTests" */ = {
			isa = XCConfigurationList;
			buildConfigurations = (
				2399FFEA1C65A4AA007FCD57 /* Debug */,
				2399FFEB1C65A4AA007FCD57 /* Release */,
			);
			defaultConfigurationIsVisible = 0;
		};
		2399FFEC1C65A4AA007FCD57 /* Build configuration list for PBXNativeTarget "TrumpTimeUITests" */ = {
			isa = XCConfigurationList;
			buildConfigurations = (
				2399FFED1C65A4AA007FCD57 /* Debug */,
				2399FFEE1C65A4AA007FCD57 /* Release */,
			);
			defaultConfigurationIsVisible = 0;
		};
/* End XCConfigurationList section */
	};
	rootObject = 2399FFB61C65A4AA007FCD57 /* Project object */;
}
